
Microsoft Visual Studio Solution File, Format Version 12.00
# Visual Studio Version 16
VisualStudioVersion = 16.0.809.2
MinimumVisualStudioVersion = 10.0.40219.1
Project("{FAE04EC0-301F-11D3-BF4B-00C04F79EFBC}") = "Lab_4_1", "Lab_4_1\Lab_4_1.csproj", "{328DCDC1-2A18-4992-931F-7958964CED9B}"
EndProject
Global
	GlobalSection(SolutionConfigurationPlatforms) = preSolution
		Debug|anycpu = Debug|anycpu
		Release|anycpu = Release|anycpu
	EndGlobalSection
	GlobalSection(ProjectConfigurationPlatforms) = postSolution
		{328DCDC1-2A18-4992-931F-7958964CED9B}.Debug|anycpu.ActiveCfg = Debug|anycpu
		{328DCDC1-2A18-4992-931F-7958964CED9B}.Debug|anycpu.Build.0 = Debug|anycpu
		{328DCDC1-2A18-4992-931F-7958964CED9B}.Release|anycpu.ActiveCfg = Release|anycpu
		{328DCDC1-2A18-4992-931F-7958964CED9B}.Release|anycpu.Build.0 = Release|anycpu
	EndGlobalSection
	GlobalSection(SolutionProperties) = preSolution
		HideSolutionNode = FALSE
	EndGlobalSection
	GlobalSection(ExtensibilityGlobals) = postSolution
		SolutionGuid = {B792298D-73AD-486A-B641-51B1F9DD9A1A}
	EndGlobalSection
EndGlobal
