
Microsoft Visual Studio Solution File, Format Version 12.00
# Visual Studio Version 16
VisualStudioVersion = 16.0.31025.194
MinimumVisualStudioVersion = 10.0.40219.1
Project("{FAE04EC0-301F-11D3-BF4B-00C04F79EFBC}") = "Lab_3.1_ex_6", "Lab_3.1_ex_6\Lab_3.1_ex_6.csproj", "{B60AB7BE-D81E-4F75-B19E-983F0C69BB4A}"
EndProject
Global
	GlobalSection(SolutionConfigurationPlatforms) = preSolution
		Debug|Any CPU = Debug|Any CPU
		Release|Any CPU = Release|Any CPU
	EndGlobalSection
	GlobalSection(ProjectConfigurationPlatforms) = postSolution
		{B60AB7BE-D81E-4F75-B19E-983F0C69BB4A}.Debug|Any CPU.ActiveCfg = Debug|Any CPU
		{B60AB7BE-D81E-4F75-B19E-983F0C69BB4A}.Debug|Any CPU.Build.0 = Debug|Any CPU
		{B60AB7BE-D81E-4F75-B19E-983F0C69BB4A}.Release|Any CPU.ActiveCfg = Release|Any CPU
		{B60AB7BE-D81E-4F75-B19E-983F0C69BB4A}.Release|Any CPU.Build.0 = Release|Any CPU
	EndGlobalSection
	GlobalSection(SolutionProperties) = preSolution
		HideSolutionNode = FALSE
	EndGlobalSection
	GlobalSection(ExtensibilityGlobals) = postSolution
		SolutionGuid = {506C22AF-1CFE-431D-93CA-A6E8027F0455}
	EndGlobalSection
EndGlobal
