
Microsoft Visual Studio Solution File, Format Version 12.00
# Visual Studio Version 16
VisualStudioVersion = 16.0.809.2
MinimumVisualStudioVersion = 10.0.40219.1
Project("{FAE04EC0-301F-11D3-BF4B-00C04F79EFBC}") = "Lab_1_1", "Lab_1_1\Lab_1_1.csproj", "{DC80B505-642B-4B47-A0FA-28BDBDEBFB6B}"
EndProject
Global
	GlobalSection(SolutionConfigurationPlatforms) = preSolution
		Debug|anycpu = Debug|anycpu
		Release|anycpu = Release|anycpu
	EndGlobalSection
	GlobalSection(ProjectConfigurationPlatforms) = postSolution
		{DC80B505-642B-4B47-A0FA-28BDBDEBFB6B}.Debug|anycpu.ActiveCfg = Debug|anycpu
		{DC80B505-642B-4B47-A0FA-28BDBDEBFB6B}.Debug|anycpu.Build.0 = Debug|anycpu
		{DC80B505-642B-4B47-A0FA-28BDBDEBFB6B}.Release|anycpu.ActiveCfg = Release|anycpu
		{DC80B505-642B-4B47-A0FA-28BDBDEBFB6B}.Release|anycpu.Build.0 = Release|anycpu
	EndGlobalSection
	GlobalSection(SolutionProperties) = preSolution
		HideSolutionNode = FALSE
	EndGlobalSection
	GlobalSection(ExtensibilityGlobals) = postSolution
		SolutionGuid = {64912248-26D6-4720-BF29-53163A2FA070}
	EndGlobalSection
EndGlobal
