
Microsoft Visual Studio Solution File, Format Version 12.00
# Visual Studio Version 16
VisualStudioVersion = 16.0.31025.194
MinimumVisualStudioVersion = 10.0.40219.1
Project("{FAE04EC0-301F-11D3-BF4B-00C04F79EFBC}") = "Lab_3.1_ex_5", "Lab_3.1_ex_5\Lab_3.1_ex_5.csproj", "{D0EFAE11-7975-4AEF-89B2-98D995E62C9D}"
EndProject
Global
	GlobalSection(SolutionConfigurationPlatforms) = preSolution
		Debug|Any CPU = Debug|Any CPU
		Release|Any CPU = Release|Any CPU
	EndGlobalSection
	GlobalSection(ProjectConfigurationPlatforms) = postSolution
		{D0EFAE11-7975-4AEF-89B2-98D995E62C9D}.Debug|Any CPU.ActiveCfg = Debug|Any CPU
		{D0EFAE11-7975-4AEF-89B2-98D995E62C9D}.Debug|Any CPU.Build.0 = Debug|Any CPU
		{D0EFAE11-7975-4AEF-89B2-98D995E62C9D}.Release|Any CPU.ActiveCfg = Release|Any CPU
		{D0EFAE11-7975-4AEF-89B2-98D995E62C9D}.Release|Any CPU.Build.0 = Release|Any CPU
	EndGlobalSection
	GlobalSection(SolutionProperties) = preSolution
		HideSolutionNode = FALSE
	EndGlobalSection
	GlobalSection(ExtensibilityGlobals) = postSolution
		SolutionGuid = {A14AFBB6-7E5C-42D7-BCAE-92F46356EB5B}
	EndGlobalSection
EndGlobal
